PODS:
  - Realm (10.35.0):
    - Realm/Headers (= 10.35.0)
  - Realm/Headers (10.35.0)
  - RealmSwift (10.35.0):
    - Realm (= 10.35.0)

DEPENDENCIES:
  - RealmSwift

SPEC REPOS:
  trunk:
    - Realm
    - RealmSwift

SPEC CHECKSUMS:
  Realm: e6b04f15a814cb22aae621e7e15f2ccb27ac8f95
  RealmSwift: b358779c10ba6d2648d541f8a1bcd671f73485c1

PODFILE CHECKSUM: 8d027f33410232eceb5955595d0f8e0d832b8704

COCOAPODS: 1.11.3
